
Microsoft Visual Studio Solution File, Format Version 12.00
# Visual Studio 14
VisualStudioVersion = 14.0.24720.0
MinimumVisualStudioVersion = 10.0.40219.1
Project("{F088123C-0E9E-452A-89E6-6BA2F21D5CAC}") = "Fil Rouge", "Fil Rouge\Fil Rouge.modelproj", "{1A390FAC-E2A3-49BE-958A-A75F7248CC25}"
EndProject
Project("{FAE04EC0-301F-11D3-BF4B-00C04F79EFBC}") = "WindowsFormsApplication1", "WindowsFormsApplication1\WindowsFormsApplication1.csproj", "{2604A643-1F85-4CB2-B8DE-377E848D29B3}"
EndProject
Global
	GlobalSection(SolutionConfigurationPlatforms) = preSolution
		Debug|Any CPU = Debug|Any CPU
		Release|Any CPU = Release|Any CPU
	EndGlobalSection
	GlobalSection(ProjectConfigurationPlatforms) = postSolution
		{1A390FAC-E2A3-49BE-958A-A75F7248CC25}.Debug|Any CPU.ActiveCfg = Debug|Any CPU
		{1A390FAC-E2A3-49BE-958A-A75F7248CC25}.Debug|Any CPU.Build.0 = Debug|Any CPU
		{1A390FAC-E2A3-49BE-958A-A75F7248CC25}.Release|Any CPU.ActiveCfg = Release|Any CPU
		{1A390FAC-E2A3-49BE-958A-A75F7248CC25}.Release|Any CPU.Build.0 = Release|Any CPU
		{2604A643-1F85-4CB2-B8DE-377E848D29B3}.Debug|Any CPU.ActiveCfg = Debug|Any CPU
		{2604A643-1F85-4CB2-B8DE-377E848D29B3}.Debug|Any CPU.Build.0 = Debug|Any CPU
		{2604A643-1F85-4CB2-B8DE-377E848D29B3}.Release|Any CPU.ActiveCfg = Release|Any CPU
		{2604A643-1F85-4CB2-B8DE-377E848D29B3}.Release|Any CPU.Build.0 = Release|Any CPU
	EndGlobalSection
	GlobalSection(SolutionProperties) = preSolution
		HideSolutionNode = FALSE
	EndGlobalSection
EndGlobal
